
Microsoft Visual Studio Solution File, Format Version 12.00
# Visual Studio Version 17
VisualStudioVersion = 17.0.32014.148
MinimumVisualStudioVersion = 10.0.40219.1
Project("{2150E333-8FDC-42A3-9474-1A3956D46DE8}") = "Singleton", "Singleton", "{2249784B-6ED8-45E7-96E0-C61BD033CF4C}"
EndProject
Project("{9A19103F-16F7-4668-BE54-9A1E7A4F7556}") = "Singleton", "Singleton\Singleton\Singleton.csproj", "{49231C7D-D786-4A42-8605-91A91CC0767A}"
EndProject
Project("{2150E333-8FDC-42A3-9474-1A3956D46DE8}") = "Factory", "Factory", "{68C75268-B190-401A-AE4A-416AB7F8E7D8}"
EndProject
Project("{9A19103F-16F7-4668-BE54-9A1E7A4F7556}") = "FactorySample", "Factory\FactorySample\FactorySample.csproj", "{7108EC2A-34B2-4FD2-AEC2-90E8D393F756}"
EndProject
Project("{2150E333-8FDC-42A3-9474-1A3956D46DE8}") = "ProtoType", "ProtoType", "{207963EF-3E5C-420D-9888-57F96FB4DD32}"
EndProject
Project("{9A19103F-16F7-4668-BE54-9A1E7A4F7556}") = "Example1", "ProtoType\Example1\Example1.csproj", "{FB8AFB7A-73BC-41F7-8591-9E4CA7F80069}"
EndProject
Project("{9A19103F-16F7-4668-BE54-9A1E7A4F7556}") = "ShallowVsDeepCopy", "ProtoType\ShallowVsDeepCopy\ShallowVsDeepCopy.csproj", "{CCB0E9F8-3D48-4A3A-8EB3-EBAA773EF203}"
EndProject
Project("{2150E333-8FDC-42A3-9474-1A3956D46DE8}") = "Solid", "Solid", "{4F8A4105-EBBA-4D24-8762-C7BE4A3EED47}"
EndProject
Project("{2150E333-8FDC-42A3-9474-1A3956D46DE8}") = "Single-Responsibility", "Single-Responsibility", "{1AEE3F01-272B-462B-8587-F1660D55BB42}"
EndProject
Project("{9A19103F-16F7-4668-BE54-9A1E7A4F7556}") = "Example1", "Solid\Single-Responsibility\Example1\Example1.csproj", "{DBAC11FA-C45D-4DE2-BCA0-2D5E44C82217}"
EndProject
Project("{2150E333-8FDC-42A3-9474-1A3956D46DE8}") = "Open-Close", "Open-Close", "{DB1F53F5-0208-4424-A63B-7895D75D3F1E}"
EndProject
Project("{9A19103F-16F7-4668-BE54-9A1E7A4F7556}") = "Example1", "Open-Close\Example1\Example1.csproj", "{8922DD09-57A3-474D-A86F-81BABE6A01A1}"
EndProject
Project("{2150E333-8FDC-42A3-9474-1A3956D46DE8}") = "Liskov-Substitution", "Liskov-Substitution", "{C9FF76E6-D050-40B0-9C98-5894B10B8388}"
EndProject
Project("{FAE04EC0-301F-11D3-BF4B-00C04F79EFBC}") = "Example1", "Liskov-Substitution\Example1\Example1.csproj", "{E40AE0F8-A7D2-417A-9769-3C2A659AF718}"
EndProject
Global
	GlobalSection(SolutionConfigurationPlatforms) = preSolution
		Debug|Any CPU = Debug|Any CPU
		Release|Any CPU = Release|Any CPU
	EndGlobalSection
	GlobalSection(ProjectConfigurationPlatforms) = postSolution
		{49231C7D-D786-4A42-8605-91A91CC0767A}.Debug|Any CPU.ActiveCfg = Debug|Any CPU
		{49231C7D-D786-4A42-8605-91A91CC0767A}.Debug|Any CPU.Build.0 = Debug|Any CPU
		{49231C7D-D786-4A42-8605-91A91CC0767A}.Release|Any CPU.ActiveCfg = Release|Any CPU
		{49231C7D-D786-4A42-8605-91A91CC0767A}.Release|Any CPU.Build.0 = Release|Any CPU
		{7108EC2A-34B2-4FD2-AEC2-90E8D393F756}.Debug|Any CPU.ActiveCfg = Debug|Any CPU
		{7108EC2A-34B2-4FD2-AEC2-90E8D393F756}.Debug|Any CPU.Build.0 = Debug|Any CPU
		{7108EC2A-34B2-4FD2-AEC2-90E8D393F756}.Release|Any CPU.ActiveCfg = Release|Any CPU
		{7108EC2A-34B2-4FD2-AEC2-90E8D393F756}.Release|Any CPU.Build.0 = Release|Any CPU
		{FB8AFB7A-73BC-41F7-8591-9E4CA7F80069}.Debug|Any CPU.ActiveCfg = Debug|Any CPU
		{FB8AFB7A-73BC-41F7-8591-9E4CA7F80069}.Debug|Any CPU.Build.0 = Debug|Any CPU
		{FB8AFB7A-73BC-41F7-8591-9E4CA7F80069}.Release|Any CPU.ActiveCfg = Release|Any CPU
		{FB8AFB7A-73BC-41F7-8591-9E4CA7F80069}.Release|Any CPU.Build.0 = Release|Any CPU
		{CCB0E9F8-3D48-4A3A-8EB3-EBAA773EF203}.Debug|Any CPU.ActiveCfg = Debug|Any CPU
		{CCB0E9F8-3D48-4A3A-8EB3-EBAA773EF203}.Debug|Any CPU.Build.0 = Debug|Any CPU
		{CCB0E9F8-3D48-4A3A-8EB3-EBAA773EF203}.Release|Any CPU.ActiveCfg = Release|Any CPU
		{CCB0E9F8-3D48-4A3A-8EB3-EBAA773EF203}.Release|Any CPU.Build.0 = Release|Any CPU
		{DBAC11FA-C45D-4DE2-BCA0-2D5E44C82217}.Debug|Any CPU.ActiveCfg = Debug|Any CPU
		{DBAC11FA-C45D-4DE2-BCA0-2D5E44C82217}.Debug|Any CPU.Build.0 = Debug|Any CPU
		{DBAC11FA-C45D-4DE2-BCA0-2D5E44C82217}.Release|Any CPU.ActiveCfg = Release|Any CPU
		{DBAC11FA-C45D-4DE2-BCA0-2D5E44C82217}.Release|Any CPU.Build.0 = Release|Any CPU
		{8922DD09-57A3-474D-A86F-81BABE6A01A1}.Debug|Any CPU.ActiveCfg = Debug|Any CPU
		{8922DD09-57A3-474D-A86F-81BABE6A01A1}.Debug|Any CPU.Build.0 = Debug|Any CPU
		{8922DD09-57A3-474D-A86F-81BABE6A01A1}.Release|Any CPU.ActiveCfg = Release|Any CPU
		{8922DD09-57A3-474D-A86F-81BABE6A01A1}.Release|Any CPU.Build.0 = Release|Any CPU
		{E40AE0F8-A7D2-417A-9769-3C2A659AF718}.Debug|Any CPU.ActiveCfg = Debug|Any CPU
		{E40AE0F8-A7D2-417A-9769-3C2A659AF718}.Debug|Any CPU.Build.0 = Debug|Any CPU
		{E40AE0F8-A7D2-417A-9769-3C2A659AF718}.Release|Any CPU.ActiveCfg = Release|Any CPU
		{E40AE0F8-A7D2-417A-9769-3C2A659AF718}.Release|Any CPU.Build.0 = Release|Any CPU
	EndGlobalSection
	GlobalSection(SolutionProperties) = preSolution
		HideSolutionNode = FALSE
	EndGlobalSection
	GlobalSection(NestedProjects) = preSolution
		{49231C7D-D786-4A42-8605-91A91CC0767A} = {2249784B-6ED8-45E7-96E0-C61BD033CF4C}
		{7108EC2A-34B2-4FD2-AEC2-90E8D393F756} = {68C75268-B190-401A-AE4A-416AB7F8E7D8}
		{FB8AFB7A-73BC-41F7-8591-9E4CA7F80069} = {207963EF-3E5C-420D-9888-57F96FB4DD32}
		{CCB0E9F8-3D48-4A3A-8EB3-EBAA773EF203} = {207963EF-3E5C-420D-9888-57F96FB4DD32}
		{1AEE3F01-272B-462B-8587-F1660D55BB42} = {4F8A4105-EBBA-4D24-8762-C7BE4A3EED47}
		{DBAC11FA-C45D-4DE2-BCA0-2D5E44C82217} = {1AEE3F01-272B-462B-8587-F1660D55BB42}
		{DB1F53F5-0208-4424-A63B-7895D75D3F1E} = {4F8A4105-EBBA-4D24-8762-C7BE4A3EED47}
		{8922DD09-57A3-474D-A86F-81BABE6A01A1} = {DB1F53F5-0208-4424-A63B-7895D75D3F1E}
		{C9FF76E6-D050-40B0-9C98-5894B10B8388} = {4F8A4105-EBBA-4D24-8762-C7BE4A3EED47}
		{E40AE0F8-A7D2-417A-9769-3C2A659AF718} = {C9FF76E6-D050-40B0-9C98-5894B10B8388}
	EndGlobalSection
	GlobalSection(ExtensibilityGlobals) = postSolution
		SolutionGuid = {26FCFC7C-02D3-4500-BEB0-E9AC7C5F1A62}
	EndGlobalSection
EndGlobal
